// !$*UTF8*$!
{
	archiveVersion = 1;
	classes = {
	};
	objectVersion = 51;
	objects = {

/* Begin PBXBuildFile section */
		72372F55606DD1CF65B24A38 /* Assets.xcassets in Resources */ = {isa = PBXBuildFile; fileRef = 254B5BFFEC9E1F8D6BD2900A /* Assets.xcassets */; };
		85DBA80026E036B86F392A83 /* Main.storyboard in Resources */ = {isa = PBXBuildFile; fileRef = B921E8C6F11DB2ECD7CD5845 /* Main.storyboard */; };
		D82675180870AD985A205853 /* AppDelegate.swift in Sources */ = {isa = PBXBuildFile; fileRef = E995234BE4232804052B4DA5 /* AppDelegate.swift */; };
		DCA07682F09FA4D35BF31169 /* ViewController.swift in Sources */ = {isa = PBXBuildFile; fileRef = AB1464D45760FE14A7ACFEE2 /* ViewController.swift */; };
		E43639167D97FA27F3CCFE80 /* SceneDelegate.swift in Sources */ = {isa = PBXBuildFile; fileRef = A27F46A7BE580A90E25D1E90 /* SceneDelegate.swift */; };
		F1DA41FBDE412DFA45AFA1DF /* LaunchScreen.storyboard in Resources */ = {isa = PBXBuildFile; fileRef = 0D18E7EB20FB027DB8E5B1AE /* LaunchScreen.storyboard */; };
/* End PBXBuildFile section */

/* Begin PBXFileReference section */
		165A0D6E174AA88F9C2CA4D5 /* Base */ = {isa = PBXFileReference; lastKnownFileType = file.storyboard; name = Base; path = Base.lproj/LaunchScreen.storyboard; sourceTree = "<group>"; };
		254B5BFFEC9E1F8D6BD2900A /* Assets.xcassets */ = {isa = PBXFileReference; lastKnownFileType = folder.assetcatalog; path = Assets.xcassets; sourceTree = "<group>"; };
		259E4948D1561628148D8681 /* Info.plist */ = {isa = PBXFileReference; lastKnownFileType = text.plist; path = Info.plist; sourceTree = "<group>"; };
		5F4A25BBF31A45E724CC1951 /* p2hacks_team12.app */ = {isa = PBXFileReference; includeInIndex = 0; lastKnownFileType = wrapper.application; path = p2hacks_team12.app; sourceTree = BUILT_PRODUCTS_DIR; };
		989365CB9C9DFC74A2002930 /* Base */ = {isa = PBXFileReference; lastKnownFileType = file.storyboard; name = Base; path = Base.lproj/Main.storyboard; sourceTree = "<group>"; };
		A27F46A7BE580A90E25D1E90 /* SceneDelegate.swift */ = {isa = PBXFileReference; lastKnownFileType = sourcecode.swift; path = SceneDelegate.swift; sourceTree = "<group>"; };
		AB1464D45760FE14A7ACFEE2 /* ViewController.swift */ = {isa = PBXFileReference; lastKnownFileType = sourcecode.swift; path = ViewController.swift; sourceTree = "<group>"; };
		E995234BE4232804052B4DA5 /* AppDelegate.swift */ = {isa = PBXFileReference; lastKnownFileType = sourcecode.swift; path = AppDelegate.swift; sourceTree = "<group>"; };
/* End PBXFileReference section */

/* Begin PBXGroup section */
		624E431AF160D4828097378E = {
			isa = PBXGroup;
			children = (
				A4070A9EA2DCE629E678F0BC /* p2hacks_team12 */,
				7AA0EA36A4D0579F218D30E3 /* Products */,
			);
			sourceTree = "<group>";
		};
		7AA0EA36A4D0579F218D30E3 /* Products */ = {
			isa = PBXGroup;
			children = (
				5F4A25BBF31A45E724CC1951 /* p2hacks_team12.app */,
			);
			name = Products;
			sourceTree = "<group>";
		};
		A4070A9EA2DCE629E678F0BC /* p2hacks_team12 */ = {
			isa = PBXGroup;
			children = (
				E995234BE4232804052B4DA5 /* AppDelegate.swift */,
				254B5BFFEC9E1F8D6BD2900A /* Assets.xcassets */,
				259E4948D1561628148D8681 /* Info.plist */,
				0D18E7EB20FB027DB8E5B1AE /* LaunchScreen.storyboard */,
				B921E8C6F11DB2ECD7CD5845 /* Main.storyboard */,
				A27F46A7BE580A90E25D1E90 /* SceneDelegate.swift */,
				AB1464D45760FE14A7ACFEE2 /* ViewController.swift */,
			);
			path = p2hacks_team12;
			sourceTree = "<group>";
		};
/* End PBXGroup section */

/* Begin PBXNativeTarget section */
		1B8BB26882056BC47AB6A626 /* p2hacks_team12 */ = {
			isa = PBXNativeTarget;
			buildConfigurationList = AF4808AADFAA2793A5BE85FB /* Build configuration list for PBXNativeTarget "p2hacks_team12" */;
			buildPhases = (
				1938D2096C7D6CA79AE14B83 /* Sources */,
				67880AFA33D8998A1077D811 /* Resources */,
			);
			buildRules = (
			);
			dependencies = (
			);
			name = p2hacks_team12;
			productName = p2hacks_team12;
			productReference = 5F4A25BBF31A45E724CC1951 /* p2hacks_team12.app */;
			productType = "com.apple.product-type.application";
		};
/* End PBXNativeTarget section */

/* Begin PBXProject section */
		D22CC728725C57D820C26C0C /* Project object */ = {
			isa = PBXProject;
			attributes = {
				LastUpgradeCheck = 1020;
			};
			buildConfigurationList = A75F85A6D86204802CCA9953 /* Build configuration list for PBXProject "p2hacks_team12" */;
			compatibilityVersion = "Xcode 10.0";
			developmentRegion = en;
			hasScannedForEncodings = 0;
			knownRegions = (
				Base,
			);
			mainGroup = 624E431AF160D4828097378E;
			projectDirPath = "";
			projectRoot = "";
			targets = (
				1B8BB26882056BC47AB6A626 /* p2hacks_team12 */,
			);
		};
/* End PBXProject section */

/* Begin PBXResourcesBuildPhase section */
		67880AFA33D8998A1077D811 /* Resources */ = {
			isa = PBXResourcesBuildPhase;
			buildActionMask = 2147483647;
			files = (
				72372F55606DD1CF65B24A38 /* Assets.xcassets in Resources */,
				F1DA41FBDE412DFA45AFA1DF /* LaunchScreen.storyboard in Resources */,
				85DBA80026E036B86F392A83 /* Main.storyboard in Resources */,
			);
			runOnlyForDeploymentPostprocessing = 0;
		};
/* End PBXResourcesBuildPhase section */

/* Begin PBXSourcesBuildPhase section */
		1938D2096C7D6CA79AE14B83 /* Sources */ = {
			isa = PBXSourcesBuildPhase;
			buildActionMask = 2147483647;
			files = (
				D82675180870AD985A205853 /* AppDelegate.swift in Sources */,
				E43639167D97FA27F3CCFE80 /* SceneDelegate.swift in Sources */,
				DCA07682F09FA4D35BF31169 /* ViewController.swift in Sources */,
			);
			runOnlyForDeploymentPostprocessing = 0;
		};
/* End PBXSourcesBuildPhase section */

/* Begin PBXVariantGroup section */
		0D18E7EB20FB027DB8E5B1AE /* LaunchScreen.storyboard */ = {
			isa = PBXVariantGroup;
			children = (
				165A0D6E174AA88F9C2CA4D5 /* Base */,
			);
			name = LaunchScreen.storyboard;
			sourceTree = "<group>";
		};
		B921E8C6F11DB2ECD7CD5845 /* Main.storyboard */ = {
			isa = PBXVariantGroup;
			children = (
				989365CB9C9DFC74A2002930 /* Base */,
			);
			name = Main.storyboard;
			sourceTree = "<group>";
		};
/* End PBXVariantGroup section */

/* Begin XCBuildConfiguration section */
		1864CBBE964A67AFEA19ACD1 /* Debug */ = {
			isa = XCBuildConfiguration;
			buildSettings = {
				ASSETCATALOG_COMPILER_APPICON_NAME = AppIcon;
				CODE_SIGN_IDENTITY = "iPhone Developer";
				INFOPLIST_FILE = p2hacks_team12/Info.plist;
				LD_RUNPATH_SEARCH_PATHS = (
					"$(inherited)",
					"@executable_path/Frameworks",
				);
				SDKROOT = iphoneos;
				TARGETED_DEVICE_FAMILY = "1,2";
			};
			name = Debug;
		};
		50C72CAD2D3A36AAA822181A /* Release */ = {
			isa = XCBuildConfiguration;
			buildSettings = {
				ASSETCATALOG_COMPILER_APPICON_NAME = AppIcon;
				CODE_SIGN_IDENTITY = "iPhone Developer";
				INFOPLIST_FILE = p2hacks_team12/Info.plist;
				LD_RUNPATH_SEARCH_PATHS = (
					"$(inherited)",
					"@executable_path/Frameworks",
				);
				SDKROOT = iphoneos;
				TARGETED_DEVICE_FAMILY = "1,2";
			};
			name = Release;
		};
		6CC63B9CB542D4AEBFF7575C /* Debug */ = {
			isa = XCBuildConfiguration;
			buildSettings = {
				ALWAYS_SEARCH_USER_PATHS = NO;
				CLANG_ANALYZER_NONNULL = YES;
				CLANG_ANALYZER_NUMBER_OBJECT_CONVERSION = YES_AGGRESSIVE;
				CLANG_CXX_LANGUAGE_STANDARD = "gnu++14";
				CLANG_CXX_LIBRARY = "libc++";
				CLANG_ENABLE_MODULES = YES;
				CLANG_ENABLE_OBJC_ARC = YES;
				CLANG_WARN_BLOCK_CAPTURE_AUTORELEASING = YES;
				CLANG_WARN_BOOL_CONVERSION = YES;
				CLANG_WARN_COMMA = YES;
				CLANG_WARN_CONSTANT_CONVERSION = YES;
				CLANG_WARN_DEPRECATED_OBJC_IMPLEMENTATIONS = YES;
				CLANG_WARN_DIRECT_OBJC_ISA_USAGE = YES_ERROR;
				CLANG_WARN_DOCUMENTATION_COMMENTS = YES;
				CLANG_WARN_EMPTY_BODY = YES;
				CLANG_WARN_ENUM_CONVERSION = YES;
				CLANG_WARN_INFINITE_RECURSION = YES;
				CLANG_WARN_INT_CONVERSION = YES;
				CLANG_WARN_NON_LITERAL_NULL_CONVERSION = YES;
				CLANG_WARN_OBJC_IMPLICIT_RETAIN_SELF = YES;
				CLANG_WARN_OBJC_LITERAL_CONVERSION = YES;
				CLANG_WARN_OBJC_ROOT_CLASS = YES_ERROR;
				CLANG_WARN_RANGE_LOOP_ANALYSIS = YES;
				CLANG_WARN_STRICT_PROTOTYPES = YES;
				CLANG_WARN_SUSPICIOUS_MOVE = YES;
				CLANG_WARN_UNGUARDED_AVAILABILITY = YES_AGGRESSIVE;
				CLANG_WARN_UNREACHABLE_CODE = YES;
				CLANG_WARN__DUPLICATE_METHOD_MATCH = YES;
				COPY_PHASE_STRIP = NO;
				DEBUG_INFORMATION_FORMAT = dwarf;
				ENABLE_STRICT_OBJC_MSGSEND = YES;
				ENABLE_TESTABILITY = YES;
				GCC_C_LANGUAGE_STANDARD = gnu11;
				GCC_DYNAMIC_NO_PIC = NO;
				GCC_NO_COMMON_BLOCKS = YES;
				GCC_OPTIMIZATION_LEVEL = 0;
				GCC_PREPROCESSOR_DEFINITIONS = (
					"$(inherited)",
					"DEBUG=1",
				);
				GCC_WARN_64_TO_32_BIT_CONVERSION = YES;
				GCC_WARN_ABOUT_RETURN_TYPE = YES_ERROR;
				GCC_WARN_UNDECLARED_SELECTOR = YES;
				GCC_WARN_UNINITIALIZED_AUTOS = YES_AGGRESSIVE;
				GCC_WARN_UNUSED_FUNCTION = YES;
				GCC_WARN_UNUSED_VARIABLE = YES;
				MTL_ENABLE_DEBUG_INFO = YES;
				ONLY_ACTIVE_ARCH = YES;
				PRODUCT_NAME = "$(TARGET_NAME)";
				SDKROOT = iphoneos;
				SWIFT_ACTIVE_COMPILATION_CONDITIONS = DEBUG;
				SWIFT_OPTIMIZATION_LEVEL = "-Onone";
				SWIFT_VERSION = 5.0;
			};
			name = Debug;
		};
		EDE5D9D19D64397216F93AF1 /* Release */ = {
			isa = XCBuildConfiguration;
			buildSettings = {
				ALWAYS_SEARCH_USER_PATHS = NO;
				CLANG_ANALYZER_NONNULL = YES;
				CLANG_ANALYZER_NUMBER_OBJECT_CONVERSION = YES_AGGRESSIVE;
				CLANG_CXX_LANGUAGE_STANDARD = "gnu++14";
				CLANG_CXX_LIBRARY = "libc++";
				CLANG_ENABLE_MODULES = YES;
				CLANG_ENABLE_OBJC_ARC = YES;
				CLANG_WARN_BLOCK_CAPTURE_AUTORELEASING = YES;
				CLANG_WARN_BOOL_CONVERSION = YES;
				CLANG_WARN_COMMA = YES;
				CLANG_WARN_CONSTANT_CONVERSION = YES;
				CLANG_WARN_DEPRECATED_OBJC_IMPLEMENTATIONS = YES;
				CLANG_WARN_DIRECT_OBJC_ISA_USAGE = YES_ERROR;
				CLANG_WARN_DOCUMENTATION_COMMENTS = YES;
				CLANG_WARN_EMPTY_BODY = YES;
				CLANG_WARN_ENUM_CONVERSION = YES;
				CLANG_WARN_INFINITE_RECURSION = YES;
				CLANG_WARN_INT_CONVERSION = YES;
				CLANG_WARN_NON_LITERAL_NULL_CONVERSION = YES;
				CLANG_WARN_OBJC_IMPLICIT_RETAIN_SELF = YES;
				CLANG_WARN_OBJC_LITERAL_CONVERSION = YES;
				CLANG_WARN_OBJC_ROOT_CLASS = YES_ERROR;
				CLANG_WARN_RANGE_LOOP_ANALYSIS = YES;
				CLANG_WARN_STRICT_PROTOTYPES = YES;
				CLANG_WARN_SUSPICIOUS_MOVE = YES;
				CLANG_WARN_UNGUARDED_AVAILABILITY = YES_AGGRESSIVE;
				CLANG_WARN_UNREACHABLE_CODE = YES;
				CLANG_WARN__DUPLICATE_METHOD_MATCH = YES;
				COPY_PHASE_STRIP = NO;
				DEBUG_INFORMATION_FORMAT = "dwarf-with-dsym";
				ENABLE_NS_ASSERTIONS = NO;
				ENABLE_STRICT_OBJC_MSGSEND = YES;
				GCC_C_LANGUAGE_STANDARD = gnu11;
				GCC_NO_COMMON_BLOCKS = YES;
				GCC_WARN_64_TO_32_BIT_CONVERSION = YES;
				GCC_WARN_ABOUT_RETURN_TYPE = YES_ERROR;
				GCC_WARN_UNDECLARED_SELECTOR = YES;
				GCC_WARN_UNINITIALIZED_AUTOS = YES_AGGRESSIVE;
				GCC_WARN_UNUSED_FUNCTION = YES;
				GCC_WARN_UNUSED_VARIABLE = YES;
				PRODUCT_NAME = "$(TARGET_NAME)";
				SDKROOT = iphoneos;
				SWIFT_COMPILATION_MODE = wholemodule;
				SWIFT_VERSION = 5.0;
				VALIDATE_PRODUCT = YES;
			};
			name = Release;
		};
/* End XCBuildConfiguration section */

/* Begin XCConfigurationList section */
		A75F85A6D86204802CCA9953 /* Build configuration list for PBXProject "p2hacks_team12" */ = {
			isa = XCConfigurationList;
			buildConfigurations = (
				6CC63B9CB542D4AEBFF7575C /* Debug */,
				EDE5D9D19D64397216F93AF1 /* Release */,
			);
			defaultConfigurationIsVisible = 0;
			defaultConfigurationName = Debug;
		};
		AF4808AADFAA2793A5BE85FB /* Build configuration list for PBXNativeTarget "p2hacks_team12" */ = {
			isa = XCConfigurationList;
			buildConfigurations = (
				1864CBBE964A67AFEA19ACD1 /* Debug */,
				50C72CAD2D3A36AAA822181A /* Release */,
			);
			defaultConfigurationIsVisible = 0;
			defaultConfigurationName = "";
		};
/* End XCConfigurationList section */
	};
	rootObject = D22CC728725C57D820C26C0C /* Project object */;
}
